
Microsoft Visual Studio Solution File, Format Version 12.00
# Visual Studio Version 16
VisualStudioVersion = 16.0.28922.388
MinimumVisualStudioVersion = 10.0.40219.1
Project("{FAE04EC0-301F-11D3-BF4B-00C04F79EFBC}") = "Core", "Core.csproj", "{9F18BA58-E44A-49B3-AB34-0617DB614477}"
EndProject
Global
	GlobalSection(SolutionConfigurationPlatforms) = preSolution
		Debug|Any CPU = Debug|Any CPU
		Release|Any CPU = Release|Any CPU
	EndGlobalSection
	GlobalSection(ProjectConfigurationPlatforms) = postSolution
		{9F18BA58-E44A-49B3-AB34-0617DB614477}.Debug|Any CPU.ActiveCfg = Debug|Any CPU
		{9F18BA58-E44A-49B3-AB34-0617DB614477}.Debug|Any CPU.Build.0 = Debug|Any CPU
		{9F18BA58-E44A-49B3-AB34-0617DB614477}.Release|Any CPU.ActiveCfg = Release|Any CPU
		{9F18BA58-E44A-49B3-AB34-0617DB614477}.Release|Any CPU.Build.0 = Release|Any CPU
	EndGlobalSection
	GlobalSection(SolutionProperties) = preSolution
		HideSolutionNode = FALSE
	EndGlobalSection
	GlobalSection(ExtensibilityGlobals) = postSolution
		SolutionGuid = {4DAAD4A5-9AD9-46FD-91B2-69D442D456FE}
	EndGlobalSection
EndGlobal
